<?xml version="1.0" encoding="utf-8"?>
<Project ToolsVersion="4.0" xmlns="http://schemas.microsoft.com/developer/msbuild/2003">
  <ItemGroup>
    <ClCompile Include="BackgroundAudio.cpp" />
    <ClCompile Include="ChatScreen.cpp" />
    <ClCompile Include="ComboKeyMappingScreen.cpp" />
    <ClCompile Include="ControlMappingScreen.cpp" />
    <ClCompile Include="DevScreens.cpp" />
    <ClCompile Include="DisplayLayoutEditor.cpp" />
    <ClCompile Include="DisplayLayoutScreen.cpp" />
    <ClCompile Include="EmuScreen.cpp" />
    <ClCompile Include="GameInfoCache.cpp" />
    <ClCompile Include="GamepadEmu.cpp" />
    <ClCompile Include="GameScreen.cpp" />
    <ClCompile Include="GameSettingsScreen.cpp" />
    <ClCompile Include="MainScreen.cpp" />
    <ClCompile Include="MiscScreens.cpp" />
    <ClCompile Include="NativeApp.cpp" />
    <ClCompile Include="OnScreenDisplay.cpp" />
    <ClCompile Include="PauseScreen.cpp" />
    <ClCompile Include="ProfilerDraw.cpp" />
    <ClCompile Include="RemoteISOScreen.cpp" />
    <ClCompile Include="ReportScreen.cpp" />
    <ClCompile Include="SavedataScreen.cpp" />
    <ClCompile Include="Store.cpp" />
    <ClCompile Include="TextureUtil.cpp" />
    <ClCompile Include="TiltAnalogSettingsScreen.cpp" />
    <ClCompile Include="TiltEventProcessor.cpp" />
    <ClCompile Include="TouchControlLayoutScreen.cpp" />
    <ClCompile Include="TouchControlVisibilityScreen.cpp" />
    <ClCompile Include="InstallZipScreen.cpp" />
    <ClCompile Include="ui_atlas.cpp" />
    <ClCompile Include="ChatOnScreen.cpp" />
  </ItemGroup>
  <ItemGroup>
    <ClInclude Include="BackgroundAudio.h" />
    <ClInclude Include="ChatScreen.h" />
    <ClInclude Include="ComboKeyMappingScreen.h" />
    <ClInclude Include="ControlMappingScreen.h" />
    <ClInclude Include="DevScreens.h" />
    <ClInclude Include="DisplayLayoutEditor.h" />
    <ClInclude Include="DisplayLayoutScreen.h" />
    <ClInclude Include="EmuScreen.h" />
    <ClInclude Include="GameInfoCache.h" />
    <ClInclude Include="GamepadEmu.h" />
    <ClInclude Include="GameScreen.h" />
    <ClInclude Include="GameSettingsScreen.h" />
    <ClInclude Include="HostTypes.h" />
    <ClInclude Include="MainScreen.h" />
    <ClInclude Include="MiscScreens.h" />
    <ClInclude Include="OnScreenDisplay.h" />
    <ClInclude Include="PauseScreen.h" />
    <ClInclude Include="ProfilerDraw.h" />
    <ClInclude Include="RemoteISOScreen.h" />
    <ClInclude Include="ReportScreen.h" />
    <ClInclude Include="SavedataScreen.h" />
    <ClInclude Include="Store.h" />
    <ClInclude Include="TextureUtil.h" />
    <ClInclude Include="TiltAnalogSettingsScreen.h" />
    <ClInclude Include="TiltEventProcessor.h" />
    <ClInclude Include="TouchControlLayoutScreen.h" />
    <ClInclude Include="TouchControlVisibilityScreen.h" />
    <ClInclude Include="InstallZipScreen.h" />
    <ClInclude Include="ui_atlas.h" />
    <ClInclude Include="ChatOnScreen.h" />
  </ItemGroup>
</Project>